
Microsoft Visual Studio Solution File, Format Version 12.00
# Visual Studio Version 17
VisualStudioVersion = 17.0.32014.148
MinimumVisualStudioVersion = 10.0.40219.1
Project("{FAE04EC0-301F-11D3-BF4B-00C04F79EFBC}") = "CoastalAPI", "CoastalAPI\CoastalAPI.csproj", "{8988A445-E549-46B6-8FBA-4EE9C9F0176C}"
EndProject
Project("{FAE04EC0-301F-11D3-BF4B-00C04F79EFBC}") = "CoastalAPIDataLayer", "CoastalAPIDataLayer\CoastalAPIDataLayer.csproj", "{D665A368-FFDA-4A19-97C0-1300F4661BFC}"
EndProject
Project("{FAE04EC0-301F-11D3-BF4B-00C04F79EFBC}") = "CoastalAPIBusinessLayer", "CoastalAPIBusinessLayer\CoastalAPIBusinessLayer.csproj", "{A773C7C3-913E-4D9A-8CA0-142E701D476F}"
EndProject
Project("{FAE04EC0-301F-11D3-BF4B-00C04F79EFBC}") = "CoastalAPIClient", "CoastalAPIClient\CoastalAPIClient.csproj", "{8CFFD450-1341-44BA-BB65-7CBB760B82A2}"
EndProject
Project("{9A19103F-16F7-4668-BE54-9A1E7A4F7556}") = "CoastalAPIModels", "CoastalAPIModels\CoastalAPIModels.csproj", "{A942C67D-D0BC-49EB-A861-0E3E945611D0}"
EndProject
Project("{FAE04EC0-301F-11D3-BF4B-00C04F79EFBC}") = "CoastalAPIUnitTesting", "CoastalAPIUnitTesting\CoastalAPIUnitTesting.csproj", "{41A0E48B-49F3-4ED2-BB22-782EABBD0B06}"
EndProject
Global
	GlobalSection(SolutionConfigurationPlatforms) = preSolution
		Debug|Any CPU = Debug|Any CPU
		Release|Any CPU = Release|Any CPU
	EndGlobalSection
	GlobalSection(ProjectConfigurationPlatforms) = postSolution
		{8988A445-E549-46B6-8FBA-4EE9C9F0176C}.Debug|Any CPU.ActiveCfg = Debug|Any CPU
		{8988A445-E549-46B6-8FBA-4EE9C9F0176C}.Debug|Any CPU.Build.0 = Debug|Any CPU
		{8988A445-E549-46B6-8FBA-4EE9C9F0176C}.Release|Any CPU.ActiveCfg = Release|Any CPU
		{8988A445-E549-46B6-8FBA-4EE9C9F0176C}.Release|Any CPU.Build.0 = Release|Any CPU
		{D665A368-FFDA-4A19-97C0-1300F4661BFC}.Debug|Any CPU.ActiveCfg = Debug|Any CPU
		{D665A368-FFDA-4A19-97C0-1300F4661BFC}.Debug|Any CPU.Build.0 = Debug|Any CPU
		{D665A368-FFDA-4A19-97C0-1300F4661BFC}.Release|Any CPU.ActiveCfg = Release|Any CPU
		{D665A368-FFDA-4A19-97C0-1300F4661BFC}.Release|Any CPU.Build.0 = Release|Any CPU
		{A773C7C3-913E-4D9A-8CA0-142E701D476F}.Debug|Any CPU.ActiveCfg = Debug|Any CPU
		{A773C7C3-913E-4D9A-8CA0-142E701D476F}.Debug|Any CPU.Build.0 = Debug|Any CPU
		{A773C7C3-913E-4D9A-8CA0-142E701D476F}.Release|Any CPU.ActiveCfg = Release|Any CPU
		{A773C7C3-913E-4D9A-8CA0-142E701D476F}.Release|Any CPU.Build.0 = Release|Any CPU
		{8CFFD450-1341-44BA-BB65-7CBB760B82A2}.Debug|Any CPU.ActiveCfg = Debug|Any CPU
		{8CFFD450-1341-44BA-BB65-7CBB760B82A2}.Debug|Any CPU.Build.0 = Debug|Any CPU
		{8CFFD450-1341-44BA-BB65-7CBB760B82A2}.Release|Any CPU.ActiveCfg = Release|Any CPU
		{8CFFD450-1341-44BA-BB65-7CBB760B82A2}.Release|Any CPU.Build.0 = Release|Any CPU
		{A942C67D-D0BC-49EB-A861-0E3E945611D0}.Debug|Any CPU.ActiveCfg = Debug|Any CPU
		{A942C67D-D0BC-49EB-A861-0E3E945611D0}.Debug|Any CPU.Build.0 = Debug|Any CPU
		{A942C67D-D0BC-49EB-A861-0E3E945611D0}.Release|Any CPU.ActiveCfg = Release|Any CPU
		{A942C67D-D0BC-49EB-A861-0E3E945611D0}.Release|Any CPU.Build.0 = Release|Any CPU
		{41A0E48B-49F3-4ED2-BB22-782EABBD0B06}.Debug|Any CPU.ActiveCfg = Debug|Any CPU
		{41A0E48B-49F3-4ED2-BB22-782EABBD0B06}.Debug|Any CPU.Build.0 = Debug|Any CPU
		{41A0E48B-49F3-4ED2-BB22-782EABBD0B06}.Release|Any CPU.ActiveCfg = Release|Any CPU
		{41A0E48B-49F3-4ED2-BB22-782EABBD0B06}.Release|Any CPU.Build.0 = Release|Any CPU
	EndGlobalSection
	GlobalSection(SolutionProperties) = preSolution
		HideSolutionNode = FALSE
	EndGlobalSection
	GlobalSection(ExtensibilityGlobals) = postSolution
		SolutionGuid = {4A52904C-C56A-4E26-90D3-BAAC9E5F4463}
	EndGlobalSection
EndGlobal
